// !$*UTF8*$!
{
	archiveVersion = 1;
	classes = {
	};
	objectVersion = 56;
	objects = {

/* Begin PBXBuildFile section */
		CE13888D2C29FF200075FFD7 /* SearchView.swift in Sources */ = {isa = PBXBuildFile; fileRef = CE13888C2C29FF200075FFD7 /* SearchView.swift */; };
		CE21ED302C2B56CA0078A19A /* CommentModel.swift in Sources */ = {isa = PBXBuildFile; fileRef = CE21ED2F2C2B56CA0078A19A /* CommentModel.swift */; };
		CE21ED322C2B57C40078A19A /* PostDetailView.swift in Sources */ = {isa = PBXBuildFile; fileRef = CE21ED312C2B57C40078A19A /* PostDetailView.swift */; };
		CE21ED342C2B5D2E0078A19A /* UserModel.swift in Sources */ = {isa = PBXBuildFile; fileRef = CE21ED332C2B5D2E0078A19A /* UserModel.swift */; };
		CE6D6AC62C284CB1003CF465 /* URLImage in Frameworks */ = {isa = PBXBuildFile; productRef = CE6D6AC52C284CB1003CF465 /* URLImage */; };
		CE6D6AC82C284CB1003CF465 /* URLImageStore in Frameworks */ = {isa = PBXBuildFile; productRef = CE6D6AC72C284CB1003CF465 /* URLImageStore */; };
		CE6D6ACC2C28539D003CF465 /* PostView.swift in Sources */ = {isa = PBXBuildFile; fileRef = CE6D6ACB2C28539D003CF465 /* PostView.swift */; };
		CEB0A5D82C2792200092EB60 /* marketfaviasApp.swift in Sources */ = {isa = PBXBuildFile; fileRef = CEB0A5D72C2792200092EB60 /* marketfaviasApp.swift */; };
		CEB0A5DA2C2792200092EB60 /* ContentView.swift in Sources */ = {isa = PBXBuildFile; fileRef = CEB0A5D92C2792200092EB60 /* ContentView.swift */; };
		CEB0A5DC2C2792210092EB60 /* Assets.xcassets in Resources */ = {isa = PBXBuildFile; fileRef = CEB0A5DB2C2792210092EB60 /* Assets.xcassets */; };
		CEB0A5DF2C2792210092EB60 /* Preview Assets.xcassets in Resources */ = {isa = PBXBuildFile; fileRef = CEB0A5DE2C2792210092EB60 /* Preview Assets.xcassets */; };
		CEB0A5E72C27925C0092EB60 /* Color.swift in Sources */ = {isa = PBXBuildFile; fileRef = CEB0A5E62C27925C0092EB60 /* Color.swift */; };
		CEB0A5EA2C2792B00092EB60 /* PostDataApi.swift in Sources */ = {isa = PBXBuildFile; fileRef = CEB0A5E92C2792B00092EB60 /* PostDataApi.swift */; };
		CEB0A5EC2C2792C80092EB60 /* PostModel.swift in Sources */ = {isa = PBXBuildFile; fileRef = CEB0A5EB2C2792C80092EB60 /* PostModel.swift */; };
		CEB0A5EF2C2792F30092EB60 /* Api.swift in Sources */ = {isa = PBXBuildFile; fileRef = CEB0A5EE2C2792F30092EB60 /* Api.swift */; };
		CEB0A5F12C27930C0092EB60 /* PostApi.swift in Sources */ = {isa = PBXBuildFile; fileRef = CEB0A5F02C27930C0092EB60 /* PostApi.swift */; };
		CEB0A5F32C2793270092EB60 /* UserService.swift in Sources */ = {isa = PBXBuildFile; fileRef = CEB0A5F22C2793270092EB60 /* UserService.swift */; };
		CEB0A5F62C2793760092EB60 /* AuthView.swift in Sources */ = {isa = PBXBuildFile; fileRef = CEB0A5F52C2793760092EB60 /* AuthView.swift */; };
		CEB0A5F82C2793AD0092EB60 /* MainView.swift in Sources */ = {isa = PBXBuildFile; fileRef = CEB0A5F72C2793AD0092EB60 /* MainView.swift */; };
/* End PBXBuildFile section */

/* Begin PBXFileReference section */
		CE13888C2C29FF200075FFD7 /* SearchView.swift */ = {isa = PBXFileReference; lastKnownFileType = sourcecode.swift; path = SearchView.swift; sourceTree = "<group>"; };
		CE21ED2F2C2B56CA0078A19A /* CommentModel.swift */ = {isa = PBXFileReference; lastKnownFileType = sourcecode.swift; path = CommentModel.swift; sourceTree = "<group>"; };
		CE21ED312C2B57C40078A19A /* PostDetailView.swift */ = {isa = PBXFileReference; lastKnownFileType = sourcecode.swift; path = PostDetailView.swift; sourceTree = "<group>"; };
		CE21ED332C2B5D2E0078A19A /* UserModel.swift */ = {isa = PBXFileReference; lastKnownFileType = sourcecode.swift; path = UserModel.swift; sourceTree = "<group>"; };
		CE6D6ACB2C28539D003CF465 /* PostView.swift */ = {isa = PBXFileReference; lastKnownFileType = sourcecode.swift; path = PostView.swift; sourceTree = "<group>"; };
		CEB0A5D42C2792200092EB60 /* marketfavias.app */ = {isa = PBXFileReference; explicitFileType = wrapper.application; includeInIndex = 0; path = marketfavias.app; sourceTree = BUILT_PRODUCTS_DIR; };
		CEB0A5D72C2792200092EB60 /* marketfaviasApp.swift */ = {isa = PBXFileReference; lastKnownFileType = sourcecode.swift; path = marketfaviasApp.swift; sourceTree = "<group>"; };
		CEB0A5D92C2792200092EB60 /* ContentView.swift */ = {isa = PBXFileReference; lastKnownFileType = sourcecode.swift; path = ContentView.swift; sourceTree = "<group>"; };
		CEB0A5DB2C2792210092EB60 /* Assets.xcassets */ = {isa = PBXFileReference; lastKnownFileType = folder.assetcatalog; path = Assets.xcassets; sourceTree = "<group>"; };
		CEB0A5DE2C2792210092EB60 /* Preview Assets.xcassets */ = {isa = PBXFileReference; lastKnownFileType = folder.assetcatalog; path = "Preview Assets.xcassets"; sourceTree = "<group>"; };
		CEB0A5E62C27925C0092EB60 /* Color.swift */ = {isa = PBXFileReference; lastKnownFileType = sourcecode.swift; path = Color.swift; sourceTree = "<group>"; };
		CEB0A5E92C2792B00092EB60 /* PostDataApi.swift */ = {isa = PBXFileReference; lastKnownFileType = sourcecode.swift; path = PostDataApi.swift; sourceTree = "<group>"; };
		CEB0A5EB2C2792C80092EB60 /* PostModel.swift */ = {isa = PBXFileReference; lastKnownFileType = sourcecode.swift; path = PostModel.swift; sourceTree = "<group>"; };
		CEB0A5EE2C2792F30092EB60 /* Api.swift */ = {isa = PBXFileReference; lastKnownFileType = sourcecode.swift; path = Api.swift; sourceTree = "<group>"; };
		CEB0A5F02C27930C0092EB60 /* PostApi.swift */ = {isa = PBXFileReference; lastKnownFileType = sourcecode.swift; path = PostApi.swift; sourceTree = "<group>"; };
		CEB0A5F22C2793270092EB60 /* UserService.swift */ = {isa = PBXFileReference; lastKnownFileType = sourcecode.swift; path = UserService.swift; sourceTree = "<group>"; };
		CEB0A5F52C2793760092EB60 /* AuthView.swift */ = {isa = PBXFileReference; lastKnownFileType = sourcecode.swift; path = AuthView.swift; sourceTree = "<group>"; };
		CEB0A5F72C2793AD0092EB60 /* MainView.swift */ = {isa = PBXFileReference; lastKnownFileType = sourcecode.swift; path = MainView.swift; sourceTree = "<group>"; };
/* End PBXFileReference section */

/* Begin PBXFrameworksBuildPhase section */
		CEB0A5D12C2792200092EB60 /* Frameworks */ = {
			isa = PBXFrameworksBuildPhase;
			buildActionMask = 2147483647;
			files = (
				CE6D6AC82C284CB1003CF465 /* URLImageStore in Frameworks */,
				CE6D6AC62C284CB1003CF465 /* URLImage in Frameworks */,
			);
			runOnlyForDeploymentPostprocessing = 0;
		};
/* End PBXFrameworksBuildPhase section */

/* Begin PBXGroup section */
		CEB0A5CB2C2792200092EB60 = {
			isa = PBXGroup;
			children = (
				CEB0A5D62C2792200092EB60 /* marketfavias */,
				CEB0A5D52C2792200092EB60 /* Products */,
			);
			sourceTree = "<group>";
		};
		CEB0A5D52C2792200092EB60 /* Products */ = {
			isa = PBXGroup;
			children = (
				CEB0A5D42C2792200092EB60 /* marketfavias.app */,
			);
			name = Products;
			sourceTree = "<group>";
		};
		CEB0A5D62C2792200092EB60 /* marketfavias */ = {
			isa = PBXGroup;
			children = (
				CEB0A5F42C27933D0092EB60 /* View */,
				CEB0A5ED2C2792DF0092EB60 /* Service and Api */,
				CEB0A5E82C2792910092EB60 /* Models */,
				CEB0A5E52C2792410092EB60 /* Assetss */,
				CEB0A5D72C2792200092EB60 /* marketfaviasApp.swift */,
				CEB0A5DB2C2792210092EB60 /* Assets.xcassets */,
				CEB0A5DD2C2792210092EB60 /* Preview Content */,
			);
			path = marketfavias;
			sourceTree = "<group>";
		};
		CEB0A5DD2C2792210092EB60 /* Preview Content */ = {
			isa = PBXGroup;
			children = (
				CEB0A5DE2C2792210092EB60 /* Preview Assets.xcassets */,
			);
			path = "Preview Content";
			sourceTree = "<group>";
		};
		CEB0A5E52C2792410092EB60 /* Assetss */ = {
			isa = PBXGroup;
			children = (
				CEB0A5E62C27925C0092EB60 /* Color.swift */,
			);
			path = Assetss;
			sourceTree = "<group>";
		};
		CEB0A5E82C2792910092EB60 /* Models */ = {
			isa = PBXGroup;
			children = (
				CEB0A5E92C2792B00092EB60 /* PostDataApi.swift */,
				CEB0A5EB2C2792C80092EB60 /* PostModel.swift */,
				CE21ED2F2C2B56CA0078A19A /* CommentModel.swift */,
				CE21ED332C2B5D2E0078A19A /* UserModel.swift */,
			);
			path = Models;
			sourceTree = "<group>";
		};
		CEB0A5ED2C2792DF0092EB60 /* Service and Api */ = {
			isa = PBXGroup;
			children = (
				CEB0A5EE2C2792F30092EB60 /* Api.swift */,
				CEB0A5F02C27930C0092EB60 /* PostApi.swift */,
				CEB0A5F22C2793270092EB60 /* UserService.swift */,
			);
			path = "Service and Api";
			sourceTree = "<group>";
		};
		CEB0A5F42C27933D0092EB60 /* View */ = {
			isa = PBXGroup;
			children = (
				CEB0A5D92C2792200092EB60 /* ContentView.swift */,
				CEB0A5F52C2793760092EB60 /* AuthView.swift */,
				CEB0A5F72C2793AD0092EB60 /* MainView.swift */,
				CE6D6ACB2C28539D003CF465 /* PostView.swift */,
				CE13888C2C29FF200075FFD7 /* SearchView.swift */,
				CE21ED312C2B57C40078A19A /* PostDetailView.swift */,
			);
			path = View;
			sourceTree = "<group>";
		};
/* End PBXGroup section */

/* Begin PBXNativeTarget section */
		CEB0A5D32C2792200092EB60 /* marketfavias */ = {
			isa = PBXNativeTarget;
			buildConfigurationList = CEB0A5E22C2792210092EB60 /* Build configuration list for PBXNativeTarget "marketfavias" */;
			buildPhases = (
				CEB0A5D02C2792200092EB60 /* Sources */,
				CEB0A5D12C2792200092EB60 /* Frameworks */,
				CEB0A5D22C2792200092EB60 /* Resources */,
			);
			buildRules = (
			);
			dependencies = (
			);
			name = marketfavias;
			packageProductDependencies = (
				CE6D6AC52C284CB1003CF465 /* URLImage */,
				CE6D6AC72C284CB1003CF465 /* URLImageStore */,
			);
			productName = marketfavias;
			productReference = CEB0A5D42C2792200092EB60 /* marketfavias.app */;
			productType = "com.apple.product-type.application";
		};
/* End PBXNativeTarget section */

/* Begin PBXProject section */
		CEB0A5CC2C2792200092EB60 /* Project object */ = {
			isa = PBXProject;
			attributes = {
				BuildIndependentTargetsInParallel = 1;
				LastSwiftUpdateCheck = 1530;
				LastUpgradeCheck = 1530;
				TargetAttributes = {
					CEB0A5D32C2792200092EB60 = {
						CreatedOnToolsVersion = 15.3;
					};
				};
			};
			buildConfigurationList = CEB0A5CF2C2792200092EB60 /* Build configuration list for PBXProject "marketfavias" */;
			compatibilityVersion = "Xcode 14.0";
			developmentRegion = en;
			hasScannedForEncodings = 0;
			knownRegions = (
				en,
				Base,
			);
			mainGroup = CEB0A5CB2C2792200092EB60;
			packageReferences = (
				CE6D6AC42C284CB1003CF465 /* XCRemoteSwiftPackageReference "url-image" */,
			);
			productRefGroup = CEB0A5D52C2792200092EB60 /* Products */;
			projectDirPath = "";
			projectRoot = "";
			targets = (
				CEB0A5D32C2792200092EB60 /* marketfavias */,
			);
		};
/* End PBXProject section */

/* Begin PBXResourcesBuildPhase section */
		CEB0A5D22C2792200092EB60 /* Resources */ = {
			isa = PBXResourcesBuildPhase;
			buildActionMask = 2147483647;
			files = (
				CEB0A5DF2C2792210092EB60 /* Preview Assets.xcassets in Resources */,
				CEB0A5DC2C2792210092EB60 /* Assets.xcassets in Resources */,
			);
			runOnlyForDeploymentPostprocessing = 0;
		};
/* End PBXResourcesBuildPhase section */

/* Begin PBXSourcesBuildPhase section */
		CEB0A5D02C2792200092EB60 /* Sources */ = {
			isa = PBXSourcesBuildPhase;
			buildActionMask = 2147483647;
			files = (
				CEB0A5EF2C2792F30092EB60 /* Api.swift in Sources */,
				CEB0A5DA2C2792200092EB60 /* ContentView.swift in Sources */,
				CEB0A5F12C27930C0092EB60 /* PostApi.swift in Sources */,
				CEB0A5F82C2793AD0092EB60 /* MainView.swift in Sources */,
				CE13888D2C29FF200075FFD7 /* SearchView.swift in Sources */,
				CE21ED302C2B56CA0078A19A /* CommentModel.swift in Sources */,
				CEB0A5EC2C2792C80092EB60 /* PostModel.swift in Sources */,
				CEB0A5F32C2793270092EB60 /* UserService.swift in Sources */,
				CEB0A5D82C2792200092EB60 /* marketfaviasApp.swift in Sources */,
				CEB0A5EA2C2792B00092EB60 /* PostDataApi.swift in Sources */,
				CEB0A5E72C27925C0092EB60 /* Color.swift in Sources */,
				CE21ED322C2B57C40078A19A /* PostDetailView.swift in Sources */,
				CEB0A5F62C2793760092EB60 /* AuthView.swift in Sources */,
				CE21ED342C2B5D2E0078A19A /* UserModel.swift in Sources */,
				CE6D6ACC2C28539D003CF465 /* PostView.swift in Sources */,
			);
			runOnlyForDeploymentPostprocessing = 0;
		};
/* End PBXSourcesBuildPhase section */

/* Begin XCBuildConfiguration section */
		CEB0A5E02C2792210092EB60 /* Debug */ = {
			isa = XCBuildConfiguration;
			buildSettings = {
				ALWAYS_SEARCH_USER_PATHS = NO;
				ASSETCATALOG_COMPILER_GENERATE_SWIFT_ASSET_SYMBOL_EXTENSIONS = YES;
				CLANG_ANALYZER_NONNULL = YES;
				CLANG_ANALYZER_NUMBER_OBJECT_CONVERSION = YES_AGGRESSIVE;
				CLANG_CXX_LANGUAGE_STANDARD = "gnu++20";
				CLANG_ENABLE_MODULES = YES;
				CLANG_ENABLE_OBJC_ARC = YES;
				CLANG_ENABLE_OBJC_WEAK = YES;
				CLANG_WARN_BLOCK_CAPTURE_AUTORELEASING = YES;
				CLANG_WARN_BOOL_CONVERSION = YES;
				CLANG_WARN_COMMA = YES;
				CLANG_WARN_CONSTANT_CONVERSION = YES;
				CLANG_WARN_DEPRECATED_OBJC_IMPLEMENTATIONS = YES;
				CLANG_WARN_DIRECT_OBJC_ISA_USAGE = YES_ERROR;
				CLANG_WARN_DOCUMENTATION_COMMENTS = YES;
				CLANG_WARN_EMPTY_BODY = YES;
				CLANG_WARN_ENUM_CONVERSION = YES;
				CLANG_WARN_INFINITE_RECURSION = YES;
				CLANG_WARN_INT_CONVERSION = YES;
				CLANG_WARN_NON_LITERAL_NULL_CONVERSION = YES;
				CLANG_WARN_OBJC_IMPLICIT_RETAIN_SELF = YES;
				CLANG_WARN_OBJC_LITERAL_CONVERSION = YES;
				CLANG_WARN_OBJC_ROOT_CLASS = YES_ERROR;
				CLANG_WARN_QUOTED_INCLUDE_IN_FRAMEWORK_HEADER = YES;
				CLANG_WARN_RANGE_LOOP_ANALYSIS = YES;
				CLANG_WARN_STRICT_PROTOTYPES = YES;
				CLANG_WARN_SUSPICIOUS_MOVE = YES;
				CLANG_WARN_UNGUARDED_AVAILABILITY = YES_AGGRESSIVE;
				CLANG_WARN_UNREACHABLE_CODE = YES;
				CLANG_WARN__DUPLICATE_METHOD_MATCH = YES;
				COPY_PHASE_STRIP = NO;
				DEBUG_INFORMATION_FORMAT = dwarf;
				ENABLE_STRICT_OBJC_MSGSEND = YES;
				ENABLE_TESTABILITY = YES;
				ENABLE_USER_SCRIPT_SANDBOXING = YES;
				GCC_C_LANGUAGE_STANDARD = gnu17;
				GCC_DYNAMIC_NO_PIC = NO;
				GCC_NO_COMMON_BLOCKS = YES;
				GCC_OPTIMIZATION_LEVEL = 0;
				GCC_PREPROCESSOR_DEFINITIONS = (
					"DEBUG=1",
					"$(inherited)",
				);
				GCC_WARN_64_TO_32_BIT_CONVERSION = YES;
				GCC_WARN_ABOUT_RETURN_TYPE = YES_ERROR;
				GCC_WARN_UNDECLARED_SELECTOR = YES;
				GCC_WARN_UNINITIALIZED_AUTOS = YES_AGGRESSIVE;
				GCC_WARN_UNUSED_FUNCTION = YES;
				GCC_WARN_UNUSED_VARIABLE = YES;
				IPHONEOS_DEPLOYMENT_TARGET = 17.4;
				LOCALIZATION_PREFERS_STRING_CATALOGS = YES;
				MTL_ENABLE_DEBUG_INFO = INCLUDE_SOURCE;
				MTL_FAST_MATH = YES;
				ONLY_ACTIVE_ARCH = YES;
				SDKROOT = iphoneos;
				SWIFT_ACTIVE_COMPILATION_CONDITIONS = "DEBUG $(inherited)";
				SWIFT_OPTIMIZATION_LEVEL = "-Onone";
			};
			name = Debug;
		};
		CEB0A5E12C2792210092EB60 /* Release */ = {
			isa = XCBuildConfiguration;
			buildSettings = {
				ALWAYS_SEARCH_USER_PATHS = NO;
				ASSETCATALOG_COMPILER_GENERATE_SWIFT_ASSET_SYMBOL_EXTENSIONS = YES;
				CLANG_ANALYZER_NONNULL = YES;
				CLANG_ANALYZER_NUMBER_OBJECT_CONVERSION = YES_AGGRESSIVE;
				CLANG_CXX_LANGUAGE_STANDARD = "gnu++20";
				CLANG_ENABLE_MODULES = YES;
				CLANG_ENABLE_OBJC_ARC = YES;
				CLANG_ENABLE_OBJC_WEAK = YES;
				CLANG_WARN_BLOCK_CAPTURE_AUTORELEASING = YES;
				CLANG_WARN_BOOL_CONVERSION = YES;
				CLANG_WARN_COMMA = YES;
				CLANG_WARN_CONSTANT_CONVERSION = YES;
				CLANG_WARN_DEPRECATED_OBJC_IMPLEMENTATIONS = YES;
				CLANG_WARN_DIRECT_OBJC_ISA_USAGE = YES_ERROR;
				CLANG_WARN_DOCUMENTATION_COMMENTS = YES;
				CLANG_WARN_EMPTY_BODY = YES;
				CLANG_WARN_ENUM_CONVERSION = YES;
				CLANG_WARN_INFINITE_RECURSION = YES;
				CLANG_WARN_INT_CONVERSION = YES;
				CLANG_WARN_NON_LITERAL_NULL_CONVERSION = YES;
				CLANG_WARN_OBJC_IMPLICIT_RETAIN_SELF = YES;
				CLANG_WARN_OBJC_LITERAL_CONVERSION = YES;
				CLANG_WARN_OBJC_ROOT_CLASS = YES_ERROR;
				CLANG_WARN_QUOTED_INCLUDE_IN_FRAMEWORK_HEADER = YES;
				CLANG_WARN_RANGE_LOOP_ANALYSIS = YES;
				CLANG_WARN_STRICT_PROTOTYPES = YES;
				CLANG_WARN_SUSPICIOUS_MOVE = YES;
				CLANG_WARN_UNGUARDED_AVAILABILITY = YES_AGGRESSIVE;
				CLANG_WARN_UNREACHABLE_CODE = YES;
				CLANG_WARN__DUPLICATE_METHOD_MATCH = YES;
				COPY_PHASE_STRIP = NO;
				DEBUG_INFORMATION_FORMAT = "dwarf-with-dsym";
				ENABLE_NS_ASSERTIONS = NO;
				ENABLE_STRICT_OBJC_MSGSEND = YES;
				ENABLE_USER_SCRIPT_SANDBOXING = YES;
				GCC_C_LANGUAGE_STANDARD = gnu17;
				GCC_NO_COMMON_BLOCKS = YES;
				GCC_WARN_64_TO_32_BIT_CONVERSION = YES;
				GCC_WARN_ABOUT_RETURN_TYPE = YES_ERROR;
				GCC_WARN_UNDECLARED_SELECTOR = YES;
				GCC_WARN_UNINITIALIZED_AUTOS = YES_AGGRESSIVE;
				GCC_WARN_UNUSED_FUNCTION = YES;
				GCC_WARN_UNUSED_VARIABLE = YES;
				IPHONEOS_DEPLOYMENT_TARGET = 17.4;
				LOCALIZATION_PREFERS_STRING_CATALOGS = YES;
				MTL_ENABLE_DEBUG_INFO = NO;
				MTL_FAST_MATH = YES;
				SDKROOT = iphoneos;
				SWIFT_COMPILATION_MODE = wholemodule;
				VALIDATE_PRODUCT = YES;
			};
			name = Release;
		};
		CEB0A5E32C2792210092EB60 /* Debug */ = {
			isa = XCBuildConfiguration;
			buildSettings = {
				ASSETCATALOG_COMPILER_APPICON_NAME = AppIcon;
				ASSETCATALOG_COMPILER_GLOBAL_ACCENT_COLOR_NAME = AccentColor;
				CODE_SIGN_STYLE = Automatic;
				CURRENT_PROJECT_VERSION = 1;
				DEVELOPMENT_ASSET_PATHS = "\"marketfavias/Preview Content\"";
				ENABLE_PREVIEWS = YES;
				GENERATE_INFOPLIST_FILE = YES;
				INFOPLIST_KEY_UIApplicationSceneManifest_Generation = YES;
				INFOPLIST_KEY_UIApplicationSupportsIndirectInputEvents = YES;
				INFOPLIST_KEY_UILaunchScreen_Generation = YES;
				INFOPLIST_KEY_UISupportedInterfaceOrientations_iPad = "UIInterfaceOrientationPortrait UIInterfaceOrientationPortraitUpsideDown UIInterfaceOrientationLandscapeLeft UIInterfaceOrientationLandscapeRight";
				INFOPLIST_KEY_UISupportedInterfaceOrientations_iPhone = "UIInterfaceOrientationPortrait UIInterfaceOrientationLandscapeLeft UIInterfaceOrientationLandscapeRight";
				LD_RUNPATH_SEARCH_PATHS = (
					"$(inherited)",
					"@executable_path/Frameworks",
				);
				MARKETING_VERSION = 1.0;
				PRODUCT_BUNDLE_IDENTIFIER = Study.marketfavias;
				PRODUCT_NAME = "$(TARGET_NAME)";
				SWIFT_EMIT_LOC_STRINGS = YES;
				SWIFT_VERSION = 5.0;
				TARGETED_DEVICE_FAMILY = "1,2";
			};
			name = Debug;
		};
		CEB0A5E42C2792210092EB60 /* Release */ = {
			isa = XCBuildConfiguration;
			buildSettings = {
				ASSETCATALOG_COMPILER_APPICON_NAME = AppIcon;
				ASSETCATALOG_COMPILER_GLOBAL_ACCENT_COLOR_NAME = AccentColor;
				CODE_SIGN_STYLE = Automatic;
				CURRENT_PROJECT_VERSION = 1;
				DEVELOPMENT_ASSET_PATHS = "\"marketfavias/Preview Content\"";
				ENABLE_PREVIEWS = YES;
				GENERATE_INFOPLIST_FILE = YES;
				INFOPLIST_KEY_UIApplicationSceneManifest_Generation = YES;
				INFOPLIST_KEY_UIApplicationSupportsIndirectInputEvents = YES;
				INFOPLIST_KEY_UILaunchScreen_Generation = YES;
				INFOPLIST_KEY_UISupportedInterfaceOrientations_iPad = "UIInterfaceOrientationPortrait UIInterfaceOrientationPortraitUpsideDown UIInterfaceOrientationLandscapeLeft UIInterfaceOrientationLandscapeRight";
				INFOPLIST_KEY_UISupportedInterfaceOrientations_iPhone = "UIInterfaceOrientationPortrait UIInterfaceOrientationLandscapeLeft UIInterfaceOrientationLandscapeRight";
				LD_RUNPATH_SEARCH_PATHS = (
					"$(inherited)",
					"@executable_path/Frameworks",
				);
				MARKETING_VERSION = 1.0;
				PRODUCT_BUNDLE_IDENTIFIER = Study.marketfavias;
				PRODUCT_NAME = "$(TARGET_NAME)";
				SWIFT_EMIT_LOC_STRINGS = YES;
				SWIFT_VERSION = 5.0;
				TARGETED_DEVICE_FAMILY = "1,2";
			};
			name = Release;
		};
/* End XCBuildConfiguration section */

/* Begin XCConfigurationList section */
		CEB0A5CF2C2792200092EB60 /* Build configuration list for PBXProject "marketfavias" */ = {
			isa = XCConfigurationList;
			buildConfigurations = (
				CEB0A5E02C2792210092EB60 /* Debug */,
				CEB0A5E12C2792210092EB60 /* Release */,
			);
			defaultConfigurationIsVisible = 0;
			defaultConfigurationName = Release;
		};
		CEB0A5E22C2792210092EB60 /* Build configuration list for PBXNativeTarget "marketfavias" */ = {
			isa = XCConfigurationList;
			buildConfigurations = (
				CEB0A5E32C2792210092EB60 /* Debug */,
				CEB0A5E42C2792210092EB60 /* Release */,
			);
			defaultConfigurationIsVisible = 0;
			defaultConfigurationName = Release;
		};
/* End XCConfigurationList section */

/* Begin XCRemoteSwiftPackageReference section */
		CE6D6AC42C284CB1003CF465 /* XCRemoteSwiftPackageReference "url-image" */ = {
			isa = XCRemoteSwiftPackageReference;
			repositoryURL = "https://github.com/dmytro-anokhin/url-image";
			requirement = {
				kind = upToNextMajorVersion;
				minimumVersion = 3.1.1;
			};
		};
/* End XCRemoteSwiftPackageReference section */

/* Begin XCSwiftPackageProductDependency section */
		CE6D6AC52C284CB1003CF465 /* URLImage */ = {
			isa = XCSwiftPackageProductDependency;
			package = CE6D6AC42C284CB1003CF465 /* XCRemoteSwiftPackageReference "url-image" */;
			productName = URLImage;
		};
		CE6D6AC72C284CB1003CF465 /* URLImageStore */ = {
			isa = XCSwiftPackageProductDependency;
			package = CE6D6AC42C284CB1003CF465 /* XCRemoteSwiftPackageReference "url-image" */;
			productName = URLImageStore;
		};
/* End XCSwiftPackageProductDependency section */
	};
	rootObject = CEB0A5CC2C2792200092EB60 /* Project object */;
}
